{
  "name": "material-design-icons",
  "version": "3.0.1",
  "lockfileVersion": 1,
  "requires": true,
  "dependencies": {
    "ky": {
      "version": "0.11.1",
      "resolved": "https://registry.npmjs.org/ky/-/ky-0.11.1.tgz",
      "integrity": "sha512-ppp6nrKXRTCMVsWP0sDDdLJXXNnH+5defcpQNiNE712/KpdGwG87290ldFAGsx4CAI/F2eVg3Exql0Oo/eGU5A==",
      "dev": true
    }
  }
}
